
Microsoft Visual Studio Solution File, Format Version 12.00
# Visual Studio Version 16
VisualStudioVersion = 16.0.31402.337
MinimumVisualStudioVersion = 10.0.40219.1
Project("{FAE04EC0-301F-11D3-BF4B-00C04F79EFBC}") = "Rift Sharp Launcher", "Rift Sharp Launcher.csproj", "{44DB8FBC-EA0C-06AA-2D9B-0BA11A83B6F3}"
EndProject
Global
	GlobalSection(SolutionConfigurationPlatforms) = preSolution
		Debug|x86 = Debug|x86
		Release|x86 = Release|x86
	EndGlobalSection
	GlobalSection(ProjectConfigurationPlatforms) = postSolution
		{44DB8FBC-EA0C-06AA-2D9B-0BA11A83B6F3}.Debug|x86.ActiveCfg = Debug|x86
		{44DB8FBC-EA0C-06AA-2D9B-0BA11A83B6F3}.Debug|x86.Build.0 = Debug|x86
		{44DB8FBC-EA0C-06AA-2D9B-0BA11A83B6F3}.Release|x86.ActiveCfg = Release|x86
		{44DB8FBC-EA0C-06AA-2D9B-0BA11A83B6F3}.Release|x86.Build.0 = Release|x86
	EndGlobalSection
	GlobalSection(SolutionProperties) = preSolution
		HideSolutionNode = FALSE
	EndGlobalSection
	GlobalSection(ExtensibilityGlobals) = postSolution
		SolutionGuid = {2AF07AAD-6E51-41E7-A2CB-F616B4D78EF2}
	EndGlobalSection
EndGlobal
